
Microsoft Visual Studio Solution File, Format Version 12.00
# Visual Studio Version 17
VisualStudioVersion = 17.8.34330.188
MinimumVisualStudioVersion = 10.0.40219.1
Project("{8BC9CEB8-8B4A-11D0-8D11-00A0C91BC942}") = "DarkLoadDriver", "DarkLoadDriver\DarkLoadDriver.vcxproj", "{2EFAF96C-3805-4838-B297-35A25567BEE1}"
EndProject
Project("{8BC9CEB8-8B4A-11D0-8D11-00A0C91BC942}") = "DriverLoad", "NoName\NoName.vcxproj", "{AAC1E9E1-A5C3-4A4F-A380-0C691CAFD573}"
EndProject
Project("{8BC9CEB8-8B4A-11D0-8D11-00A0C91BC942}") = "IoCdfsLib", "IoCdfsLib\IoCdfsLib.vcxproj", "{555409A4-9BBE-49B8-B438-B82CBB9782EF}"
EndProject
Project("{8BC9CEB8-8B4A-11D0-8D11-00A0C91BC942}") = "BlinkLib", "BlinkLib\BlinkLib.vcxproj", "{E2B815CF-788F-4249-8E37-9A7F6F6ED154}"
EndProject
Project("{8BC9CEB8-8B4A-11D0-8D11-00A0C91BC942}") = "DaveLib", "DaveLib\DaveLib.vcxproj", "{74452F96-DE74-4DC2-96F3-6817B1AEE18F}"
EndProject
Project("{8BC9CEB8-8B4A-11D0-8D11-00A0C91BC942}") = "SvcLib", "SvcLib\SvcLib.vcxproj", "{CA2BB8B2-F9EC-4D8A-B137-1AEE4F84783F}"
EndProject
Project("{8BC9CEB8-8B4A-11D0-8D11-00A0C91BC942}") = "RedirectServiceTest", "RedirectServiceTest\RedirectServiceTest.vcxproj", "{9F3867A3-C7AB-4873-B3DA-CC8432EDD5EA}"
	ProjectSection(ProjectDependencies) = postProject
		{74452F96-DE74-4DC2-96F3-6817B1AEE18F} = {74452F96-DE74-4DC2-96F3-6817B1AEE18F}
		{CA2BB8B2-F9EC-4D8A-B137-1AEE4F84783F} = {CA2BB8B2-F9EC-4D8A-B137-1AEE4F84783F}
	EndProjectSection
EndProject
Project("{8BC9CEB8-8B4A-11D0-8D11-00A0C91BC942}") = "DLEdit", "DLEdit\DLEdit.vcxproj", "{FAAC5821-1B70-4488-9759-93D9EAB98359}"
EndProject
Project("{2150E333-8FDC-42A3-9474-1A3956D46DE8}") = "Libs", "Libs", "{7FB3E591-25B7-4E2E-92C7-F61C4B4E0FE9}"
EndProject
Project("{2150E333-8FDC-42A3-9474-1A3956D46DE8}") = "Tools", "Tools", "{7B36CFB4-F7E5-40E7-9393-A6449D17CDA8}"
EndProject
Project("{2150E333-8FDC-42A3-9474-1A3956D46DE8}") = "Tests", "Tests", "{6E12AB89-1856-4F71-BD6D-AF2592BAA081}"
EndProject
Project("{8BC9CEB8-8B4A-11D0-8D11-00A0C91BC942}") = "DriverJack", "DriverJack\DriverJack.vcxproj", "{697901C8-9E50-440C-80F1-C113DD5E4222}"
	ProjectSection(ProjectDependencies) = postProject
		{555409A4-9BBE-49B8-B438-B82CBB9782EF} = {555409A4-9BBE-49B8-B438-B82CBB9782EF}
		{CA2BB8B2-F9EC-4D8A-B137-1AEE4F84783F} = {CA2BB8B2-F9EC-4D8A-B137-1AEE4F84783F}
	EndProjectSection
EndProject
Global
	GlobalSection(SolutionConfigurationPlatforms) = preSolution
		Debug|x64 = Debug|x64
		Debug|x86 = Debug|x86
		Release|x64 = Release|x64
		Release|x86 = Release|x86
	EndGlobalSection
	GlobalSection(ProjectConfigurationPlatforms) = postSolution
		{2EFAF96C-3805-4838-B297-35A25567BEE1}.Debug|x64.ActiveCfg = Debug|x64
		{2EFAF96C-3805-4838-B297-35A25567BEE1}.Debug|x64.Build.0 = Debug|x64
		{2EFAF96C-3805-4838-B297-35A25567BEE1}.Debug|x86.ActiveCfg = Debug|Win32
		{2EFAF96C-3805-4838-B297-35A25567BEE1}.Debug|x86.Build.0 = Debug|Win32
		{2EFAF96C-3805-4838-B297-35A25567BEE1}.Release|x64.ActiveCfg = Release|x64
		{2EFAF96C-3805-4838-B297-35A25567BEE1}.Release|x64.Build.0 = Release|x64
		{2EFAF96C-3805-4838-B297-35A25567BEE1}.Release|x86.ActiveCfg = Release|Win32
		{2EFAF96C-3805-4838-B297-35A25567BEE1}.Release|x86.Build.0 = Release|Win32
		{AAC1E9E1-A5C3-4A4F-A380-0C691CAFD573}.Debug|x64.ActiveCfg = Debug|x64
		{AAC1E9E1-A5C3-4A4F-A380-0C691CAFD573}.Debug|x64.Build.0 = Debug|x64
		{AAC1E9E1-A5C3-4A4F-A380-0C691CAFD573}.Debug|x86.ActiveCfg = Debug|Win32
		{AAC1E9E1-A5C3-4A4F-A380-0C691CAFD573}.Debug|x86.Build.0 = Debug|Win32
		{AAC1E9E1-A5C3-4A4F-A380-0C691CAFD573}.Release|x64.ActiveCfg = Release|x64
		{AAC1E9E1-A5C3-4A4F-A380-0C691CAFD573}.Release|x64.Build.0 = Release|x64
		{AAC1E9E1-A5C3-4A4F-A380-0C691CAFD573}.Release|x86.ActiveCfg = Release|Win32
		{AAC1E9E1-A5C3-4A4F-A380-0C691CAFD573}.Release|x86.Build.0 = Release|Win32
		{555409A4-9BBE-49B8-B438-B82CBB9782EF}.Debug|x64.ActiveCfg = Debug|x64
		{555409A4-9BBE-49B8-B438-B82CBB9782EF}.Debug|x64.Build.0 = Debug|x64
		{555409A4-9BBE-49B8-B438-B82CBB9782EF}.Debug|x86.ActiveCfg = Debug|Win32
		{555409A4-9BBE-49B8-B438-B82CBB9782EF}.Debug|x86.Build.0 = Debug|Win32
		{555409A4-9BBE-49B8-B438-B82CBB9782EF}.Release|x64.ActiveCfg = Release|x64
		{555409A4-9BBE-49B8-B438-B82CBB9782EF}.Release|x64.Build.0 = Release|x64
		{555409A4-9BBE-49B8-B438-B82CBB9782EF}.Release|x86.ActiveCfg = Release|Win32
		{555409A4-9BBE-49B8-B438-B82CBB9782EF}.Release|x86.Build.0 = Release|Win32
		{E2B815CF-788F-4249-8E37-9A7F6F6ED154}.Debug|x64.ActiveCfg = Debug|x64
		{E2B815CF-788F-4249-8E37-9A7F6F6ED154}.Debug|x64.Build.0 = Debug|x64
		{E2B815CF-788F-4249-8E37-9A7F6F6ED154}.Debug|x86.ActiveCfg = Debug|Win32
		{E2B815CF-788F-4249-8E37-9A7F6F6ED154}.Debug|x86.Build.0 = Debug|Win32
		{E2B815CF-788F-4249-8E37-9A7F6F6ED154}.Release|x64.ActiveCfg = Release|x64
		{E2B815CF-788F-4249-8E37-9A7F6F6ED154}.Release|x64.Build.0 = Release|x64
		{E2B815CF-788F-4249-8E37-9A7F6F6ED154}.Release|x86.ActiveCfg = Release|Win32
		{E2B815CF-788F-4249-8E37-9A7F6F6ED154}.Release|x86.Build.0 = Release|Win32
		{74452F96-DE74-4DC2-96F3-6817B1AEE18F}.Debug|x64.ActiveCfg = Debug|x64
		{74452F96-DE74-4DC2-96F3-6817B1AEE18F}.Debug|x64.Build.0 = Debug|x64
		{74452F96-DE74-4DC2-96F3-6817B1AEE18F}.Debug|x86.ActiveCfg = Debug|Win32
		{74452F96-DE74-4DC2-96F3-6817B1AEE18F}.Debug|x86.Build.0 = Debug|Win32
		{74452F96-DE74-4DC2-96F3-6817B1AEE18F}.Release|x64.ActiveCfg = Release|x64
		{74452F96-DE74-4DC2-96F3-6817B1AEE18F}.Release|x64.Build.0 = Release|x64
		{74452F96-DE74-4DC2-96F3-6817B1AEE18F}.Release|x86.ActiveCfg = Release|Win32
		{74452F96-DE74-4DC2-96F3-6817B1AEE18F}.Release|x86.Build.0 = Release|Win32
		{CA2BB8B2-F9EC-4D8A-B137-1AEE4F84783F}.Debug|x64.ActiveCfg = Debug|x64
		{CA2BB8B2-F9EC-4D8A-B137-1AEE4F84783F}.Debug|x64.Build.0 = Debug|x64
		{CA2BB8B2-F9EC-4D8A-B137-1AEE4F84783F}.Debug|x86.ActiveCfg = Debug|Win32
		{CA2BB8B2-F9EC-4D8A-B137-1AEE4F84783F}.Debug|x86.Build.0 = Debug|Win32
		{CA2BB8B2-F9EC-4D8A-B137-1AEE4F84783F}.Release|x64.ActiveCfg = Release|x64
		{CA2BB8B2-F9EC-4D8A-B137-1AEE4F84783F}.Release|x64.Build.0 = Release|x64
		{CA2BB8B2-F9EC-4D8A-B137-1AEE4F84783F}.Release|x86.ActiveCfg = Release|Win32
		{CA2BB8B2-F9EC-4D8A-B137-1AEE4F84783F}.Release|x86.Build.0 = Release|Win32
		{9F3867A3-C7AB-4873-B3DA-CC8432EDD5EA}.Debug|x64.ActiveCfg = Debug|x64
		{9F3867A3-C7AB-4873-B3DA-CC8432EDD5EA}.Debug|x64.Build.0 = Debug|x64
		{9F3867A3-C7AB-4873-B3DA-CC8432EDD5EA}.Debug|x86.ActiveCfg = Debug|Win32
		{9F3867A3-C7AB-4873-B3DA-CC8432EDD5EA}.Debug|x86.Build.0 = Debug|Win32
		{9F3867A3-C7AB-4873-B3DA-CC8432EDD5EA}.Release|x64.ActiveCfg = Release|x64
		{9F3867A3-C7AB-4873-B3DA-CC8432EDD5EA}.Release|x64.Build.0 = Release|x64
		{9F3867A3-C7AB-4873-B3DA-CC8432EDD5EA}.Release|x86.ActiveCfg = Release|Win32
		{9F3867A3-C7AB-4873-B3DA-CC8432EDD5EA}.Release|x86.Build.0 = Release|Win32
		{FAAC5821-1B70-4488-9759-93D9EAB98359}.Debug|x64.ActiveCfg = Debug|x64
		{FAAC5821-1B70-4488-9759-93D9EAB98359}.Debug|x64.Build.0 = Debug|x64
		{FAAC5821-1B70-4488-9759-93D9EAB98359}.Debug|x86.ActiveCfg = Debug|Win32
		{FAAC5821-1B70-4488-9759-93D9EAB98359}.Debug|x86.Build.0 = Debug|Win32
		{FAAC5821-1B70-4488-9759-93D9EAB98359}.Release|x64.ActiveCfg = Release|x64
		{FAAC5821-1B70-4488-9759-93D9EAB98359}.Release|x64.Build.0 = Release|x64
		{FAAC5821-1B70-4488-9759-93D9EAB98359}.Release|x86.ActiveCfg = Release|Win32
		{FAAC5821-1B70-4488-9759-93D9EAB98359}.Release|x86.Build.0 = Release|Win32
		{697901C8-9E50-440C-80F1-C113DD5E4222}.Debug|x64.ActiveCfg = Debug|x64
		{697901C8-9E50-440C-80F1-C113DD5E4222}.Debug|x64.Build.0 = Debug|x64
		{697901C8-9E50-440C-80F1-C113DD5E4222}.Debug|x86.ActiveCfg = Debug|Win32
		{697901C8-9E50-440C-80F1-C113DD5E4222}.Debug|x86.Build.0 = Debug|Win32
		{697901C8-9E50-440C-80F1-C113DD5E4222}.Release|x64.ActiveCfg = Release|x64
		{697901C8-9E50-440C-80F1-C113DD5E4222}.Release|x64.Build.0 = Release|x64
		{697901C8-9E50-440C-80F1-C113DD5E4222}.Release|x86.ActiveCfg = Release|Win32
		{697901C8-9E50-440C-80F1-C113DD5E4222}.Release|x86.Build.0 = Release|Win32
	EndGlobalSection
	GlobalSection(SolutionProperties) = preSolution
		HideSolutionNode = FALSE
	EndGlobalSection
	GlobalSection(NestedProjects) = preSolution
		{AAC1E9E1-A5C3-4A4F-A380-0C691CAFD573} = {7B36CFB4-F7E5-40E7-9393-A6449D17CDA8}
		{555409A4-9BBE-49B8-B438-B82CBB9782EF} = {7FB3E591-25B7-4E2E-92C7-F61C4B4E0FE9}
		{E2B815CF-788F-4249-8E37-9A7F6F6ED154} = {7FB3E591-25B7-4E2E-92C7-F61C4B4E0FE9}
		{74452F96-DE74-4DC2-96F3-6817B1AEE18F} = {7FB3E591-25B7-4E2E-92C7-F61C4B4E0FE9}
		{CA2BB8B2-F9EC-4D8A-B137-1AEE4F84783F} = {7FB3E591-25B7-4E2E-92C7-F61C4B4E0FE9}
		{9F3867A3-C7AB-4873-B3DA-CC8432EDD5EA} = {6E12AB89-1856-4F71-BD6D-AF2592BAA081}
		{FAAC5821-1B70-4488-9759-93D9EAB98359} = {7B36CFB4-F7E5-40E7-9393-A6449D17CDA8}
	EndGlobalSection
	GlobalSection(ExtensibilityGlobals) = postSolution
		SolutionGuid = {F31D95E3-0ACF-4C6B-B5B0-E7D3EAC06A97}
	EndGlobalSection
EndGlobal
